
Microsoft Visual Studio Solution File, Format Version 11.00
# Visual Studio 2010
Project("{FAE04EC0-301F-11D3-BF4B-00C04F79EFBC}") = "The-Cookie-Knight", "Assembly-CSharp.csproj", "{CFE1CD53-03B1-128D-CF13-980C456F8332}"
EndProject
Project("{FAE04EC0-301F-11D3-BF4B-00C04F79EFBC}") = "The-Cookie-Knight", "Assembly-CSharp-Editor.csproj", "{D44038D1-A977-26DC-ABAB-9255D15345CA}"
EndProject
Global
	GlobalSection(SolutionConfigurationPlatforms) = preSolution
		Debug|Any CPU = Debug|Any CPU
		Release|Any CPU = Release|Any CPU
	EndGlobalSection
	GlobalSection(ProjectConfigurationPlatforms) = postSolution
		{CFE1CD53-03B1-128D-CF13-980C456F8332}.Debug|Any CPU.ActiveCfg = Debug|Any CPU
		{CFE1CD53-03B1-128D-CF13-980C456F8332}.Debug|Any CPU.Build.0 = Debug|Any CPU
		{CFE1CD53-03B1-128D-CF13-980C456F8332}.Release|Any CPU.ActiveCfg = Release|Any CPU
		{CFE1CD53-03B1-128D-CF13-980C456F8332}.Release|Any CPU.Build.0 = Release|Any CPU
		{D44038D1-A977-26DC-ABAB-9255D15345CA}.Debug|Any CPU.ActiveCfg = Debug|Any CPU
		{D44038D1-A977-26DC-ABAB-9255D15345CA}.Debug|Any CPU.Build.0 = Debug|Any CPU
		{D44038D1-A977-26DC-ABAB-9255D15345CA}.Release|Any CPU.ActiveCfg = Release|Any CPU
		{D44038D1-A977-26DC-ABAB-9255D15345CA}.Release|Any CPU.Build.0 = Release|Any CPU
	EndGlobalSection
	GlobalSection(SolutionProperties) = preSolution
		HideSolutionNode = FALSE
	EndGlobalSection
	GlobalSection(MonoDevelopProperties) = preSolution
		StartupItem = Assembly-CSharp.csproj
	EndGlobalSection
EndGlobal
